
Microsoft Visual Studio Solution File, Format Version 12.00
# Visual Studio 15
VisualStudioVersion = 15.0.28307.271
MinimumVisualStudioVersion = 10.0.40219.1
Project("{FAE04EC0-301F-11D3-BF4B-00C04F79EFBC}") = "XSteamBox", "XSteamBox\XSteamBox.csproj", "{493A6A27-9392-4898-A620-98A2D3E4F1D7}"
EndProject
Project("{FAE04EC0-301F-11D3-BF4B-00C04F79EFBC}") = "TestGui", "TestGui\TestGui.csproj", "{FF022EB1-6C4A-419E-A275-D7DB8D1699ED}"
EndProject
Project("{9A19103F-16F7-4668-BE54-9A1E7A4F7556}") = "Google.Protobuf", "protobuf-csharp-proto2\csharp\src\Google.Protobuf\Google.Protobuf.csproj", "{1D49741A-17C5-4238-BCDC-2FB0C44B99F5}"
EndProject
Project("{FAE04EC0-301F-11D3-BF4B-00C04F79EFBC}") = "TestCmd", "TestCmd\TestCmd.csproj", "{96481B96-58AB-4B3A-A4B1-826B27AA9067}"
EndProject
Project("{FAE04EC0-301F-11D3-BF4B-00C04F79EFBC}") = "SteamStreaming", "SteamStreaming\SteamStreaming.csproj", "{7D4E2CF9-6734-412B-B023-BFD854C6528C}"
EndProject
Project("{FAE04EC0-301F-11D3-BF4B-00C04F79EFBC}") = "TlsPsk", "TlsPsk\TlsPsk.csproj", "{3C49795A-9090-453A-8F71-86F57203782E}"
EndProject
Global
	GlobalSection(SolutionConfigurationPlatforms) = preSolution
		Debug|Any CPU = Debug|Any CPU
		Debug|ARM = Debug|ARM
		Debug|ARM64 = Debug|ARM64
		Debug|x64 = Debug|x64
		Debug|x86 = Debug|x86
		Release|Any CPU = Release|Any CPU
		Release|ARM = Release|ARM
		Release|ARM64 = Release|ARM64
		Release|x64 = Release|x64
		Release|x86 = Release|x86
	EndGlobalSection
	GlobalSection(ProjectConfigurationPlatforms) = postSolution
		{493A6A27-9392-4898-A620-98A2D3E4F1D7}.Debug|Any CPU.ActiveCfg = Debug|x86
		{493A6A27-9392-4898-A620-98A2D3E4F1D7}.Debug|ARM.ActiveCfg = Debug|ARM
		{493A6A27-9392-4898-A620-98A2D3E4F1D7}.Debug|ARM.Build.0 = Debug|ARM
		{493A6A27-9392-4898-A620-98A2D3E4F1D7}.Debug|ARM.Deploy.0 = Debug|ARM
		{493A6A27-9392-4898-A620-98A2D3E4F1D7}.Debug|ARM64.ActiveCfg = Debug|ARM64
		{493A6A27-9392-4898-A620-98A2D3E4F1D7}.Debug|ARM64.Build.0 = Debug|ARM64
		{493A6A27-9392-4898-A620-98A2D3E4F1D7}.Debug|ARM64.Deploy.0 = Debug|ARM64
		{493A6A27-9392-4898-A620-98A2D3E4F1D7}.Debug|x64.ActiveCfg = Debug|x64
		{493A6A27-9392-4898-A620-98A2D3E4F1D7}.Debug|x64.Build.0 = Debug|x64
		{493A6A27-9392-4898-A620-98A2D3E4F1D7}.Debug|x64.Deploy.0 = Debug|x64
		{493A6A27-9392-4898-A620-98A2D3E4F1D7}.Debug|x86.ActiveCfg = Debug|x86
		{493A6A27-9392-4898-A620-98A2D3E4F1D7}.Debug|x86.Build.0 = Debug|x86
		{493A6A27-9392-4898-A620-98A2D3E4F1D7}.Debug|x86.Deploy.0 = Debug|x86
		{493A6A27-9392-4898-A620-98A2D3E4F1D7}.Release|Any CPU.ActiveCfg = Release|x86
		{493A6A27-9392-4898-A620-98A2D3E4F1D7}.Release|ARM.ActiveCfg = Release|ARM
		{493A6A27-9392-4898-A620-98A2D3E4F1D7}.Release|ARM.Build.0 = Release|ARM
		{493A6A27-9392-4898-A620-98A2D3E4F1D7}.Release|ARM.Deploy.0 = Release|ARM
		{493A6A27-9392-4898-A620-98A2D3E4F1D7}.Release|ARM64.ActiveCfg = Release|ARM64
		{493A6A27-9392-4898-A620-98A2D3E4F1D7}.Release|ARM64.Build.0 = Release|ARM64
		{493A6A27-9392-4898-A620-98A2D3E4F1D7}.Release|ARM64.Deploy.0 = Release|ARM64
		{493A6A27-9392-4898-A620-98A2D3E4F1D7}.Release|x64.ActiveCfg = Release|x64
		{493A6A27-9392-4898-A620-98A2D3E4F1D7}.Release|x64.Build.0 = Release|x64
		{493A6A27-9392-4898-A620-98A2D3E4F1D7}.Release|x64.Deploy.0 = Release|x64
		{493A6A27-9392-4898-A620-98A2D3E4F1D7}.Release|x86.ActiveCfg = Release|x86
		{493A6A27-9392-4898-A620-98A2D3E4F1D7}.Release|x86.Build.0 = Release|x86
		{493A6A27-9392-4898-A620-98A2D3E4F1D7}.Release|x86.Deploy.0 = Release|x86
		{FF022EB1-6C4A-419E-A275-D7DB8D1699ED}.Debug|Any CPU.ActiveCfg = Debug|Any CPU
		{FF022EB1-6C4A-419E-A275-D7DB8D1699ED}.Debug|Any CPU.Build.0 = Debug|Any CPU
		{FF022EB1-6C4A-419E-A275-D7DB8D1699ED}.Debug|ARM.ActiveCfg = Debug|Any CPU
		{FF022EB1-6C4A-419E-A275-D7DB8D1699ED}.Debug|ARM.Build.0 = Debug|Any CPU
		{FF022EB1-6C4A-419E-A275-D7DB8D1699ED}.Debug|ARM64.ActiveCfg = Debug|Any CPU
		{FF022EB1-6C4A-419E-A275-D7DB8D1699ED}.Debug|ARM64.Build.0 = Debug|Any CPU
		{FF022EB1-6C4A-419E-A275-D7DB8D1699ED}.Debug|x64.ActiveCfg = Debug|Any CPU
		{FF022EB1-6C4A-419E-A275-D7DB8D1699ED}.Debug|x64.Build.0 = Debug|Any CPU
		{FF022EB1-6C4A-419E-A275-D7DB8D1699ED}.Debug|x86.ActiveCfg = Debug|Any CPU
		{FF022EB1-6C4A-419E-A275-D7DB8D1699ED}.Debug|x86.Build.0 = Debug|Any CPU
		{FF022EB1-6C4A-419E-A275-D7DB8D1699ED}.Release|Any CPU.ActiveCfg = Release|Any CPU
		{FF022EB1-6C4A-419E-A275-D7DB8D1699ED}.Release|Any CPU.Build.0 = Release|Any CPU
		{FF022EB1-6C4A-419E-A275-D7DB8D1699ED}.Release|ARM.ActiveCfg = Release|Any CPU
		{FF022EB1-6C4A-419E-A275-D7DB8D1699ED}.Release|ARM.Build.0 = Release|Any CPU
		{FF022EB1-6C4A-419E-A275-D7DB8D1699ED}.Release|ARM64.ActiveCfg = Release|Any CPU
		{FF022EB1-6C4A-419E-A275-D7DB8D1699ED}.Release|ARM64.Build.0 = Release|Any CPU
		{FF022EB1-6C4A-419E-A275-D7DB8D1699ED}.Release|x64.ActiveCfg = Release|Any CPU
		{FF022EB1-6C4A-419E-A275-D7DB8D1699ED}.Release|x64.Build.0 = Release|Any CPU
		{FF022EB1-6C4A-419E-A275-D7DB8D1699ED}.Release|x86.ActiveCfg = Release|Any CPU
		{FF022EB1-6C4A-419E-A275-D7DB8D1699ED}.Release|x86.Build.0 = Release|Any CPU
		{1D49741A-17C5-4238-BCDC-2FB0C44B99F5}.Debug|Any CPU.ActiveCfg = Debug|Any CPU
		{1D49741A-17C5-4238-BCDC-2FB0C44B99F5}.Debug|Any CPU.Build.0 = Debug|Any CPU
		{1D49741A-17C5-4238-BCDC-2FB0C44B99F5}.Debug|ARM.ActiveCfg = Debug|Any CPU
		{1D49741A-17C5-4238-BCDC-2FB0C44B99F5}.Debug|ARM.Build.0 = Debug|Any CPU
		{1D49741A-17C5-4238-BCDC-2FB0C44B99F5}.Debug|ARM64.ActiveCfg = Debug|Any CPU
		{1D49741A-17C5-4238-BCDC-2FB0C44B99F5}.Debug|ARM64.Build.0 = Debug|Any CPU
		{1D49741A-17C5-4238-BCDC-2FB0C44B99F5}.Debug|x64.ActiveCfg = Debug|Any CPU
		{1D49741A-17C5-4238-BCDC-2FB0C44B99F5}.Debug|x64.Build.0 = Debug|Any CPU
		{1D49741A-17C5-4238-BCDC-2FB0C44B99F5}.Debug|x86.ActiveCfg = Debug|Any CPU
		{1D49741A-17C5-4238-BCDC-2FB0C44B99F5}.Debug|x86.Build.0 = Debug|Any CPU
		{1D49741A-17C5-4238-BCDC-2FB0C44B99F5}.Release|Any CPU.ActiveCfg = Release|Any CPU
		{1D49741A-17C5-4238-BCDC-2FB0C44B99F5}.Release|Any CPU.Build.0 = Release|Any CPU
		{1D49741A-17C5-4238-BCDC-2FB0C44B99F5}.Release|ARM.ActiveCfg = Release|Any CPU
		{1D49741A-17C5-4238-BCDC-2FB0C44B99F5}.Release|ARM.Build.0 = Release|Any CPU
		{1D49741A-17C5-4238-BCDC-2FB0C44B99F5}.Release|ARM64.ActiveCfg = Release|Any CPU
		{1D49741A-17C5-4238-BCDC-2FB0C44B99F5}.Release|ARM64.Build.0 = Release|Any CPU
		{1D49741A-17C5-4238-BCDC-2FB0C44B99F5}.Release|x64.ActiveCfg = Release|Any CPU
		{1D49741A-17C5-4238-BCDC-2FB0C44B99F5}.Release|x64.Build.0 = Release|Any CPU
		{1D49741A-17C5-4238-BCDC-2FB0C44B99F5}.Release|x86.ActiveCfg = Release|Any CPU
		{1D49741A-17C5-4238-BCDC-2FB0C44B99F5}.Release|x86.Build.0 = Release|Any CPU
		{96481B96-58AB-4B3A-A4B1-826B27AA9067}.Debug|Any CPU.ActiveCfg = Debug|Any CPU
		{96481B96-58AB-4B3A-A4B1-826B27AA9067}.Debug|Any CPU.Build.0 = Debug|Any CPU
		{96481B96-58AB-4B3A-A4B1-826B27AA9067}.Debug|ARM.ActiveCfg = Debug|Any CPU
		{96481B96-58AB-4B3A-A4B1-826B27AA9067}.Debug|ARM.Build.0 = Debug|Any CPU
		{96481B96-58AB-4B3A-A4B1-826B27AA9067}.Debug|ARM64.ActiveCfg = Debug|Any CPU
		{96481B96-58AB-4B3A-A4B1-826B27AA9067}.Debug|ARM64.Build.0 = Debug|Any CPU
		{96481B96-58AB-4B3A-A4B1-826B27AA9067}.Debug|x64.ActiveCfg = Debug|Any CPU
		{96481B96-58AB-4B3A-A4B1-826B27AA9067}.Debug|x64.Build.0 = Debug|Any CPU
		{96481B96-58AB-4B3A-A4B1-826B27AA9067}.Debug|x86.ActiveCfg = Debug|Any CPU
		{96481B96-58AB-4B3A-A4B1-826B27AA9067}.Debug|x86.Build.0 = Debug|Any CPU
		{96481B96-58AB-4B3A-A4B1-826B27AA9067}.Release|Any CPU.ActiveCfg = Release|Any CPU
		{96481B96-58AB-4B3A-A4B1-826B27AA9067}.Release|Any CPU.Build.0 = Release|Any CPU
		{96481B96-58AB-4B3A-A4B1-826B27AA9067}.Release|ARM.ActiveCfg = Release|Any CPU
		{96481B96-58AB-4B3A-A4B1-826B27AA9067}.Release|ARM.Build.0 = Release|Any CPU
		{96481B96-58AB-4B3A-A4B1-826B27AA9067}.Release|ARM64.ActiveCfg = Release|Any CPU
		{96481B96-58AB-4B3A-A4B1-826B27AA9067}.Release|ARM64.Build.0 = Release|Any CPU
		{96481B96-58AB-4B3A-A4B1-826B27AA9067}.Release|x64.ActiveCfg = Release|Any CPU
		{96481B96-58AB-4B3A-A4B1-826B27AA9067}.Release|x64.Build.0 = Release|Any CPU
		{96481B96-58AB-4B3A-A4B1-826B27AA9067}.Release|x86.ActiveCfg = Release|Any CPU
		{96481B96-58AB-4B3A-A4B1-826B27AA9067}.Release|x86.Build.0 = Release|Any CPU
		{7D4E2CF9-6734-412B-B023-BFD854C6528C}.Debug|Any CPU.ActiveCfg = Debug|Any CPU
		{7D4E2CF9-6734-412B-B023-BFD854C6528C}.Debug|Any CPU.Build.0 = Debug|Any CPU
		{7D4E2CF9-6734-412B-B023-BFD854C6528C}.Debug|ARM.ActiveCfg = Debug|Any CPU
		{7D4E2CF9-6734-412B-B023-BFD854C6528C}.Debug|ARM.Build.0 = Debug|Any CPU
		{7D4E2CF9-6734-412B-B023-BFD854C6528C}.Debug|ARM64.ActiveCfg = Debug|Any CPU
		{7D4E2CF9-6734-412B-B023-BFD854C6528C}.Debug|ARM64.Build.0 = Debug|Any CPU
		{7D4E2CF9-6734-412B-B023-BFD854C6528C}.Debug|x64.ActiveCfg = Debug|Any CPU
		{7D4E2CF9-6734-412B-B023-BFD854C6528C}.Debug|x64.Build.0 = Debug|Any CPU
		{7D4E2CF9-6734-412B-B023-BFD854C6528C}.Debug|x86.ActiveCfg = Debug|Any CPU
		{7D4E2CF9-6734-412B-B023-BFD854C6528C}.Debug|x86.Build.0 = Debug|Any CPU
		{7D4E2CF9-6734-412B-B023-BFD854C6528C}.Release|Any CPU.ActiveCfg = Release|Any CPU
		{7D4E2CF9-6734-412B-B023-BFD854C6528C}.Release|Any CPU.Build.0 = Release|Any CPU
		{7D4E2CF9-6734-412B-B023-BFD854C6528C}.Release|ARM.ActiveCfg = Release|Any CPU
		{7D4E2CF9-6734-412B-B023-BFD854C6528C}.Release|ARM.Build.0 = Release|Any CPU
		{7D4E2CF9-6734-412B-B023-BFD854C6528C}.Release|ARM64.ActiveCfg = Release|Any CPU
		{7D4E2CF9-6734-412B-B023-BFD854C6528C}.Release|ARM64.Build.0 = Release|Any CPU
		{7D4E2CF9-6734-412B-B023-BFD854C6528C}.Release|x64.ActiveCfg = Release|Any CPU
		{7D4E2CF9-6734-412B-B023-BFD854C6528C}.Release|x64.Build.0 = Release|Any CPU
		{7D4E2CF9-6734-412B-B023-BFD854C6528C}.Release|x86.ActiveCfg = Release|Any CPU
		{7D4E2CF9-6734-412B-B023-BFD854C6528C}.Release|x86.Build.0 = Release|Any CPU
		{3C49795A-9090-453A-8F71-86F57203782E}.Debug|Any CPU.ActiveCfg = Debug|Any CPU
		{3C49795A-9090-453A-8F71-86F57203782E}.Debug|Any CPU.Build.0 = Debug|Any CPU
		{3C49795A-9090-453A-8F71-86F57203782E}.Debug|ARM.ActiveCfg = Debug|Any CPU
		{3C49795A-9090-453A-8F71-86F57203782E}.Debug|ARM.Build.0 = Debug|Any CPU
		{3C49795A-9090-453A-8F71-86F57203782E}.Debug|ARM64.ActiveCfg = Debug|Any CPU
		{3C49795A-9090-453A-8F71-86F57203782E}.Debug|ARM64.Build.0 = Debug|Any CPU
		{3C49795A-9090-453A-8F71-86F57203782E}.Debug|x64.ActiveCfg = Debug|Any CPU
		{3C49795A-9090-453A-8F71-86F57203782E}.Debug|x64.Build.0 = Debug|Any CPU
		{3C49795A-9090-453A-8F71-86F57203782E}.Debug|x86.ActiveCfg = Debug|Any CPU
		{3C49795A-9090-453A-8F71-86F57203782E}.Debug|x86.Build.0 = Debug|Any CPU
		{3C49795A-9090-453A-8F71-86F57203782E}.Release|Any CPU.ActiveCfg = Release|Any CPU
		{3C49795A-9090-453A-8F71-86F57203782E}.Release|Any CPU.Build.0 = Release|Any CPU
		{3C49795A-9090-453A-8F71-86F57203782E}.Release|ARM.ActiveCfg = Release|Any CPU
		{3C49795A-9090-453A-8F71-86F57203782E}.Release|ARM.Build.0 = Release|Any CPU
		{3C49795A-9090-453A-8F71-86F57203782E}.Release|ARM64.ActiveCfg = Release|Any CPU
		{3C49795A-9090-453A-8F71-86F57203782E}.Release|ARM64.Build.0 = Release|Any CPU
		{3C49795A-9090-453A-8F71-86F57203782E}.Release|x64.ActiveCfg = Release|Any CPU
		{3C49795A-9090-453A-8F71-86F57203782E}.Release|x64.Build.0 = Release|Any CPU
		{3C49795A-9090-453A-8F71-86F57203782E}.Release|x86.ActiveCfg = Release|Any CPU
		{3C49795A-9090-453A-8F71-86F57203782E}.Release|x86.Build.0 = Release|Any CPU
	EndGlobalSection
	GlobalSection(SolutionProperties) = preSolution
		HideSolutionNode = FALSE
	EndGlobalSection
	GlobalSection(ExtensibilityGlobals) = postSolution
		SolutionGuid = {D81B6EB0-9D1A-4D6B-A265-E441EEFB8127}
	EndGlobalSection
EndGlobal
